<?xml version="1.0" encoding="utf-8"?>
<Project ToolsVersion="17.0" xmlns="http://schemas.microsoft.com/developer/msbuild/2003">
  <ItemGroup>
    <CustomBuild Include="C:\Users\User\Desktop\kernal-function\build_run\CMakeFiles\c010f7c22042e7d563fc1ebb9bf99a40\INSTALL_force.rule">
      <Filter>CMake Rules</Filter>
    </CustomBuild>
  </ItemGroup>
  <ItemGroup>
    <Filter Include="CMake Rules">
      <UniqueIdentifier>{63F81E30-551E-3676-8BBD-68B5E50087D7}</UniqueIdentifier>
    </Filter>
  </ItemGroup>
</Project>
